
Microsoft Visual Studio Solution File, Format Version 12.00
# Visual Studio Version 16
VisualStudioVersion = 17.0.31611.283
MinimumVisualStudioVersion = 10.0.40219.1
Project("{9A19103F-16F7-4668-BE54-9A1E7A4F7556}") = "PrismFullNavigation", "PrismFullNavigation\PrismFullNavigation.csproj", "{09321E49-1C5D-48B6-A778-3C14BE0EDC9D}"
EndProject
Global
	GlobalSection(SolutionConfigurationPlatforms) = preSolution
		Debug|Any CPU = Debug|Any CPU
		Release|Any CPU = Release|Any CPU
	EndGlobalSection
	GlobalSection(ProjectConfigurationPlatforms) = postSolution
		{09321E49-1C5D-48B6-A778-3C14BE0EDC9D}.Debug|Any CPU.ActiveCfg = Debug|Any CPU
		{09321E49-1C5D-48B6-A778-3C14BE0EDC9D}.Debug|Any CPU.Build.0 = Debug|Any CPU
		{09321E49-1C5D-48B6-A778-3C14BE0EDC9D}.Debug|Any CPU.Deploy.0 = Debug|Any CPU
		{09321E49-1C5D-48B6-A778-3C14BE0EDC9D}.Release|Any CPU.ActiveCfg = Release|Any CPU
		{09321E49-1C5D-48B6-A778-3C14BE0EDC9D}.Release|Any CPU.Build.0 = Release|Any CPU
		{09321E49-1C5D-48B6-A778-3C14BE0EDC9D}.Release|Any CPU.Deploy.0 = Release|Any CPU
	EndGlobalSection
	GlobalSection(SolutionProperties) = preSolution
		HideSolutionNode = FALSE
	EndGlobalSection
	GlobalSection(ExtensibilityGlobals) = postSolution
		SolutionGuid = {61F7FB11-1E47-470C-91E2-47F8143E1572}
	EndGlobalSection
EndGlobal
